{
  "requires": true,
  "lockfileVersion": 1,
  "dependencies": {
    "rxjs": {
      "version": "6.1.0",
      "resolved": "https://registry.npmjs.org/rxjs/-/rxjs-6.1.0.tgz",
      "integrity": "sha512-lMZdl6xbHJCSb5lmnb6nOhsoBVCyoDC5LDJQK9WWyq+tsI7KnlDIZ0r0AZAlBpRPLbwQA9kzSBAZwNIZEZ+hcw==",
      "requires": {
        "tslib": "^1.9.0"
      }
    },
    "tslib": {
      "version": "1.9.1",
      "resolved": "https://registry.npmjs.org/tslib/-/tslib-1.9.1.tgz",
      "integrity": "sha512-avfPS28HmGLLc2o4elcc2EIq2FcH++Yo5YxpBZi9Yw93BCTGFthI4HPE4Rpep6vSYQaK8e69PelM44tPj+RaQg=="
    },
    "typescript": {
      "version": "2.8.3",
      "resolved": "https://registry.npmjs.org/typescript/-/typescript-2.8.3.tgz",
      "integrity": "sha512-K7g15Bb6Ra4lKf7Iq2l/I5/En+hLIHmxWZGq3D4DIRNFxMNV6j2SHSvDOqs2tGd4UvD/fJvrwopzQXjLrT7Itw=="
    }
  }
}
