{
	"name": "@marblejs/core",
	"version": "0.3.1",
	"lockfileVersion": 1,
	"requires": true,
	"dependencies": {
		"@types/file-type": {
			"version": "5.2.1",
			"resolved": "https://registry.npmjs.org/@types/file-type/-/file-type-5.2.1.tgz",
			"integrity": "sha512-Im0cJaIPJbbpuW91OrjXnqWPZCJK/tcFy2cFX+1qjG1gubgVZPPO9OVsTVAjotN4I1E6FAV0eIqt+rR8Y1c3iA==",
			"dev": true,
			"requires": {
				"@types/node": "*"
			}
		},
		"@types/mime": {
			"version": "2.0.0",
			"resolved": "https://registry.npmjs.org/@types/mime/-/mime-2.0.0.tgz",
			"integrity": "sha512-A2TAGbTFdBw9azHbpVd+/FkdW2T6msN1uct1O9bH3vTerEHKZhTXJUQXy+hNq1B0RagfU8U+KBdqiZpxjhOUQA==",
			"dev": true
		},
		"@types/mock-fs": {
			"version": "3.6.30",
			"resolved": "https://registry.npmjs.org/@types/mock-fs/-/mock-fs-3.6.30.tgz",
			"integrity": "sha1-TYElQeh7I1dyYaWqlfcE3T0B5BA=",
			"dev": true,
			"requires": {
				"@types/node": "*"
			}
		},
		"@types/node": {
			"version": "10.1.3",
			"resolved": "https://registry.npmjs.org/@types/node/-/node-10.1.3.tgz",
			"integrity": "sha512-GiCx7dRvta0hbxXoJFAUxz+CKX6bZSCKjM5slq2vPp/5zwK01T4ibYZkGr6EN4F2QmxDQR76/ZHg6q+7iFWCWw==",
			"dev": true
		},
		"@types/path-to-regexp": {
			"version": "1.7.0",
			"resolved": "https://registry.npmjs.org/@types/path-to-regexp/-/path-to-regexp-1.7.0.tgz",
			"integrity": "sha1-8a+dnJ21+K2AqnXtQk22ZcSNbNQ=",
			"dev": true,
			"requires": {
				"path-to-regexp": "*"
			}
		},
		"file-type": {
			"version": "8.0.0",
			"resolved": "https://registry.npmjs.org/file-type/-/file-type-8.0.0.tgz",
			"integrity": "sha512-vaWQ+6lIlPyzIRSqxcSaOhTPLOWTdVuzSwDvfOKEcnJS7B0yzJHMzAG8Z3+qNBXS7CPP/7PsGLTlAmRq0X5A+w=="
		},
		"mime": {
			"version": "2.3.1",
			"resolved": "https://registry.npmjs.org/mime/-/mime-2.3.1.tgz",
			"integrity": "sha512-OEUllcVoydBHGN1z84yfQDimn58pZNNNXgZlHXSboxMlFvgI6MXSWpWKpFRra7H1HxpVhHTkrghfRW49k6yjeg=="
		},
		"mock-fs": {
			"version": "4.5.0",
			"resolved": "https://registry.npmjs.org/mock-fs/-/mock-fs-4.5.0.tgz",
			"integrity": "sha512-qqudNfOX7ZmX9vm1WIAU+gWlmxVNAnwY6UG3RkFutNywmRCUGP83tujP6IxX2DS1TmcaEZBOhYwDuYEmJYE+3w==",
			"dev": true
		},
		"path-to-regexp": {
			"version": "2.2.1",
			"resolved": "https://registry.npmjs.org/path-to-regexp/-/path-to-regexp-2.2.1.tgz",
			"integrity": "sha512-gu9bD6Ta5bwGrrU8muHzVOBFFREpp2iRkVfhBJahwJ6p6Xw20SjT0MxLnwkjOibQmGSYhiUnf2FLe7k+jcFmGQ=="
		}
	}
}
